
Microsoft Visual Studio Solution File, Format Version 12.00
# Visual Studio Version 17
VisualStudioVersion = 17.10.35013.160
MinimumVisualStudioVersion = 10.0.40219.1
Project("{2150E333-8FDC-42A3-9474-1A3956D46DE8}") = "Services", "Services", "{C74BE2FE-583F-46E2-94CD-7D6326AEC61C}"
EndProject
Project("{2150E333-8FDC-42A3-9474-1A3956D46DE8}") = "Catalog", "Catalog", "{8FD12400-EC1D-4091-BF9F-32AD2009E31E}"
EndProject
Project("{9A19103F-16F7-4668-BE54-9A1E7A4F7556}") = "MultiShop.Catalog", "Services\Catalog\MultiShop.Catalog\MultiShop.Catalog.csproj", "{3247D344-D918-478D-AD79-F6AF9D186AC0}"
EndProject
Project("{2150E333-8FDC-42A3-9474-1A3956D46DE8}") = "Discount", "Discount", "{C58A7199-72B5-4DFE-A436-1CE56B07DB07}"
EndProject
Project("{9A19103F-16F7-4668-BE54-9A1E7A4F7556}") = "MultiShop.Discount", "Services\Discount\MultiShop.Discount\MultiShop.Discount.csproj", "{06AFB7BF-36C8-4E49-9547-E13B56DBF3F0}"
EndProject
Project("{2150E333-8FDC-42A3-9474-1A3956D46DE8}") = "Order", "Order", "{A0871847-627D-4F05-B5A2-43DB8D01B419}"
EndProject
Project("{2150E333-8FDC-42A3-9474-1A3956D46DE8}") = "Core", "Core", "{A71981DE-BD46-447C-BFE4-DB734EE1E5E2}"
EndProject
Project("{2150E333-8FDC-42A3-9474-1A3956D46DE8}") = "Infrastructure", "Infrastructure", "{75DF8521-6833-483D-8A8A-670E1E808A80}"
EndProject
Project("{2150E333-8FDC-42A3-9474-1A3956D46DE8}") = "Presentation", "Presentation", "{B95FC8AF-5A21-4B74-AC2D-54766F1E7C38}"
EndProject
Project("{9A19103F-16F7-4668-BE54-9A1E7A4F7556}") = "MultiShop.OrderDomain", "Services\Order\Core\MultiShop.OrderDomain\MultiShop.OrderDomain.csproj", "{BDCCC59F-6F51-4566-B259-A01E52BB7D50}"
EndProject
Project("{9A19103F-16F7-4668-BE54-9A1E7A4F7556}") = "MultiShop.OrderApplication", "Services\Order\Core\MultiShop.OrderApplication\MultiShop.OrderApplication.csproj", "{4F8679BC-78FA-42A7-A1B9-CCA605521751}"
EndProject
Project("{9A19103F-16F7-4668-BE54-9A1E7A4F7556}") = "MultiShop.OrderPersistance", "Services\Order\Infrastructure\MultiShop.OrderPersistance\MultiShop.OrderPersistance.csproj", "{8B22F701-1F38-4C2C-8646-7E05FCB53E5A}"
EndProject
Project("{9A19103F-16F7-4668-BE54-9A1E7A4F7556}") = "MultiShop.OrderWebApi", "Services\Order\Presentation\MultiShop.OrderWebApi\MultiShop.OrderWebApi.csproj", "{B109F3B7-F74C-4F8F-AED2-E54FF6C7A7B0}"
EndProject
Project("{2150E333-8FDC-42A3-9474-1A3956D46DE8}") = "IdentityServer", "IdentityServer", "{E81E032E-C374-4185-948C-59B270F61E45}"
EndProject
Project("{9A19103F-16F7-4668-BE54-9A1E7A4F7556}") = "MultiShop.IdentityServer", "IdentityServer\MultiShop.IdentityServer\MultiShop.IdentityServer.csproj", "{FC917684-D7AB-4B9F-BCF2-26C529AA8B17}"
EndProject
Project("{2150E333-8FDC-42A3-9474-1A3956D46DE8}") = "Cargo", "Cargo", "{8035B804-FF31-415A-B208-AFD53D7D2727}"
EndProject
Project("{9A19103F-16F7-4668-BE54-9A1E7A4F7556}") = "MultiShop.Cargo.BusinessLayer", "Services\Cargo\MultiShop.Cargo.BusinessLayer\MultiShop.Cargo.BusinessLayer.csproj", "{126A1ACA-1428-48E9-93D3-FFABE912883F}"
EndProject
Project("{9A19103F-16F7-4668-BE54-9A1E7A4F7556}") = "MultiShop.Cargo.EntityLayer", "Services\Cargo\MultiShop.Cargo.EntityLayer\MultiShop.Cargo.EntityLayer.csproj", "{F2D116EC-80A6-4017-BFF6-85629986163D}"
EndProject
Project("{9A19103F-16F7-4668-BE54-9A1E7A4F7556}") = "MultiShop.Cargo.DataAccessLayer", "Services\Cargo\MultiShop.Cargo.DataAccessLayer\MultiShop.Cargo.DataAccessLayer.csproj", "{3422959E-8525-4D43-B195-A6C96158896A}"
EndProject
Project("{9A19103F-16F7-4668-BE54-9A1E7A4F7556}") = "MultiShop.Cargo.DtoLayer", "Services\Cargo\MultiShop.Cargo.DtoLayer\MultiShop.Cargo.DtoLayer.csproj", "{59CDE08D-0FFA-46E9-8823-13F0EAFED901}"
EndProject
Project("{9A19103F-16F7-4668-BE54-9A1E7A4F7556}") = "MultiShop.Cargo.WebApi", "Services\Cargo\MultiShop.Cargo.WebApi\MultiShop.Cargo.WebApi.csproj", "{02E1F759-BBA5-409D-A34D-346CFF48B92D}"
EndProject
Project("{2150E333-8FDC-42A3-9474-1A3956D46DE8}") = "Basket", "Basket", "{055282E1-0A8E-444E-839A-EE263DD8509E}"
EndProject
Project("{FAE04EC0-301F-11D3-BF4B-00C04F79EFBC}") = "MultiShop.Basket", "Services\Basket\MultiShop.Basket\MultiShop.Basket.csproj", "{37F73AFD-EF1F-4E0D-8768-BDEAF3924909}"
EndProject
Project("{2150E333-8FDC-42A3-9474-1A3956D46DE8}") = "FrontEnds", "FrontEnds", "{21B6D3B2-4D25-478F-A8DF-61DF96AB3458}"
EndProject
Project("{FAE04EC0-301F-11D3-BF4B-00C04F79EFBC}") = "MultiShop.WebUi", "FrontEnds\MultiShop.WebUi\MultiShop.WebUi.csproj", "{FAE4556A-7770-46AE-BCBB-66AF1933EC04}"
EndProject
Global
	GlobalSection(SolutionConfigurationPlatforms) = preSolution
		Debug|Any CPU = Debug|Any CPU
		Release|Any CPU = Release|Any CPU
	EndGlobalSection
	GlobalSection(ProjectConfigurationPlatforms) = postSolution
		{3247D344-D918-478D-AD79-F6AF9D186AC0}.Debug|Any CPU.ActiveCfg = Debug|Any CPU
		{3247D344-D918-478D-AD79-F6AF9D186AC0}.Debug|Any CPU.Build.0 = Debug|Any CPU
		{3247D344-D918-478D-AD79-F6AF9D186AC0}.Release|Any CPU.ActiveCfg = Release|Any CPU
		{3247D344-D918-478D-AD79-F6AF9D186AC0}.Release|Any CPU.Build.0 = Release|Any CPU
		{06AFB7BF-36C8-4E49-9547-E13B56DBF3F0}.Debug|Any CPU.ActiveCfg = Debug|Any CPU
		{06AFB7BF-36C8-4E49-9547-E13B56DBF3F0}.Debug|Any CPU.Build.0 = Debug|Any CPU
		{06AFB7BF-36C8-4E49-9547-E13B56DBF3F0}.Release|Any CPU.ActiveCfg = Release|Any CPU
		{06AFB7BF-36C8-4E49-9547-E13B56DBF3F0}.Release|Any CPU.Build.0 = Release|Any CPU
		{BDCCC59F-6F51-4566-B259-A01E52BB7D50}.Debug|Any CPU.ActiveCfg = Debug|Any CPU
		{BDCCC59F-6F51-4566-B259-A01E52BB7D50}.Debug|Any CPU.Build.0 = Debug|Any CPU
		{BDCCC59F-6F51-4566-B259-A01E52BB7D50}.Release|Any CPU.ActiveCfg = Release|Any CPU
		{BDCCC59F-6F51-4566-B259-A01E52BB7D50}.Release|Any CPU.Build.0 = Release|Any CPU
		{4F8679BC-78FA-42A7-A1B9-CCA605521751}.Debug|Any CPU.ActiveCfg = Debug|Any CPU
		{4F8679BC-78FA-42A7-A1B9-CCA605521751}.Debug|Any CPU.Build.0 = Debug|Any CPU
		{4F8679BC-78FA-42A7-A1B9-CCA605521751}.Release|Any CPU.ActiveCfg = Release|Any CPU
		{4F8679BC-78FA-42A7-A1B9-CCA605521751}.Release|Any CPU.Build.0 = Release|Any CPU
		{8B22F701-1F38-4C2C-8646-7E05FCB53E5A}.Debug|Any CPU.ActiveCfg = Debug|Any CPU
		{8B22F701-1F38-4C2C-8646-7E05FCB53E5A}.Debug|Any CPU.Build.0 = Debug|Any CPU
		{8B22F701-1F38-4C2C-8646-7E05FCB53E5A}.Release|Any CPU.ActiveCfg = Release|Any CPU
		{8B22F701-1F38-4C2C-8646-7E05FCB53E5A}.Release|Any CPU.Build.0 = Release|Any CPU
		{B109F3B7-F74C-4F8F-AED2-E54FF6C7A7B0}.Debug|Any CPU.ActiveCfg = Debug|Any CPU
		{B109F3B7-F74C-4F8F-AED2-E54FF6C7A7B0}.Debug|Any CPU.Build.0 = Debug|Any CPU
		{B109F3B7-F74C-4F8F-AED2-E54FF6C7A7B0}.Release|Any CPU.ActiveCfg = Release|Any CPU
		{B109F3B7-F74C-4F8F-AED2-E54FF6C7A7B0}.Release|Any CPU.Build.0 = Release|Any CPU
		{FC917684-D7AB-4B9F-BCF2-26C529AA8B17}.Debug|Any CPU.ActiveCfg = Debug|Any CPU
		{FC917684-D7AB-4B9F-BCF2-26C529AA8B17}.Debug|Any CPU.Build.0 = Debug|Any CPU
		{FC917684-D7AB-4B9F-BCF2-26C529AA8B17}.Release|Any CPU.ActiveCfg = Release|Any CPU
		{FC917684-D7AB-4B9F-BCF2-26C529AA8B17}.Release|Any CPU.Build.0 = Release|Any CPU
		{126A1ACA-1428-48E9-93D3-FFABE912883F}.Debug|Any CPU.ActiveCfg = Debug|Any CPU
		{126A1ACA-1428-48E9-93D3-FFABE912883F}.Debug|Any CPU.Build.0 = Debug|Any CPU
		{126A1ACA-1428-48E9-93D3-FFABE912883F}.Release|Any CPU.ActiveCfg = Release|Any CPU
		{126A1ACA-1428-48E9-93D3-FFABE912883F}.Release|Any CPU.Build.0 = Release|Any CPU
		{F2D116EC-80A6-4017-BFF6-85629986163D}.Debug|Any CPU.ActiveCfg = Debug|Any CPU
		{F2D116EC-80A6-4017-BFF6-85629986163D}.Debug|Any CPU.Build.0 = Debug|Any CPU
		{F2D116EC-80A6-4017-BFF6-85629986163D}.Release|Any CPU.ActiveCfg = Release|Any CPU
		{F2D116EC-80A6-4017-BFF6-85629986163D}.Release|Any CPU.Build.0 = Release|Any CPU
		{3422959E-8525-4D43-B195-A6C96158896A}.Debug|Any CPU.ActiveCfg = Debug|Any CPU
		{3422959E-8525-4D43-B195-A6C96158896A}.Debug|Any CPU.Build.0 = Debug|Any CPU
		{3422959E-8525-4D43-B195-A6C96158896A}.Release|Any CPU.ActiveCfg = Release|Any CPU
		{3422959E-8525-4D43-B195-A6C96158896A}.Release|Any CPU.Build.0 = Release|Any CPU
		{59CDE08D-0FFA-46E9-8823-13F0EAFED901}.Debug|Any CPU.ActiveCfg = Debug|Any CPU
		{59CDE08D-0FFA-46E9-8823-13F0EAFED901}.Debug|Any CPU.Build.0 = Debug|Any CPU
		{59CDE08D-0FFA-46E9-8823-13F0EAFED901}.Release|Any CPU.ActiveCfg = Release|Any CPU
		{59CDE08D-0FFA-46E9-8823-13F0EAFED901}.Release|Any CPU.Build.0 = Release|Any CPU
		{02E1F759-BBA5-409D-A34D-346CFF48B92D}.Debug|Any CPU.ActiveCfg = Debug|Any CPU
		{02E1F759-BBA5-409D-A34D-346CFF48B92D}.Debug|Any CPU.Build.0 = Debug|Any CPU
		{02E1F759-BBA5-409D-A34D-346CFF48B92D}.Release|Any CPU.ActiveCfg = Release|Any CPU
		{02E1F759-BBA5-409D-A34D-346CFF48B92D}.Release|Any CPU.Build.0 = Release|Any CPU
		{37F73AFD-EF1F-4E0D-8768-BDEAF3924909}.Debug|Any CPU.ActiveCfg = Debug|Any CPU
		{37F73AFD-EF1F-4E0D-8768-BDEAF3924909}.Debug|Any CPU.Build.0 = Debug|Any CPU
		{37F73AFD-EF1F-4E0D-8768-BDEAF3924909}.Release|Any CPU.ActiveCfg = Release|Any CPU
		{37F73AFD-EF1F-4E0D-8768-BDEAF3924909}.Release|Any CPU.Build.0 = Release|Any CPU
		{FAE4556A-7770-46AE-BCBB-66AF1933EC04}.Debug|Any CPU.ActiveCfg = Debug|Any CPU
		{FAE4556A-7770-46AE-BCBB-66AF1933EC04}.Debug|Any CPU.Build.0 = Debug|Any CPU
		{FAE4556A-7770-46AE-BCBB-66AF1933EC04}.Release|Any CPU.ActiveCfg = Release|Any CPU
		{FAE4556A-7770-46AE-BCBB-66AF1933EC04}.Release|Any CPU.Build.0 = Release|Any CPU
	EndGlobalSection
	GlobalSection(SolutionProperties) = preSolution
		HideSolutionNode = FALSE
	EndGlobalSection
	GlobalSection(NestedProjects) = preSolution
		{8FD12400-EC1D-4091-BF9F-32AD2009E31E} = {C74BE2FE-583F-46E2-94CD-7D6326AEC61C}
		{3247D344-D918-478D-AD79-F6AF9D186AC0} = {8FD12400-EC1D-4091-BF9F-32AD2009E31E}
		{C58A7199-72B5-4DFE-A436-1CE56B07DB07} = {C74BE2FE-583F-46E2-94CD-7D6326AEC61C}
		{06AFB7BF-36C8-4E49-9547-E13B56DBF3F0} = {C58A7199-72B5-4DFE-A436-1CE56B07DB07}
		{A0871847-627D-4F05-B5A2-43DB8D01B419} = {C74BE2FE-583F-46E2-94CD-7D6326AEC61C}
		{A71981DE-BD46-447C-BFE4-DB734EE1E5E2} = {A0871847-627D-4F05-B5A2-43DB8D01B419}
		{75DF8521-6833-483D-8A8A-670E1E808A80} = {A0871847-627D-4F05-B5A2-43DB8D01B419}
		{B95FC8AF-5A21-4B74-AC2D-54766F1E7C38} = {A0871847-627D-4F05-B5A2-43DB8D01B419}
		{BDCCC59F-6F51-4566-B259-A01E52BB7D50} = {A71981DE-BD46-447C-BFE4-DB734EE1E5E2}
		{4F8679BC-78FA-42A7-A1B9-CCA605521751} = {A71981DE-BD46-447C-BFE4-DB734EE1E5E2}
		{8B22F701-1F38-4C2C-8646-7E05FCB53E5A} = {75DF8521-6833-483D-8A8A-670E1E808A80}
		{B109F3B7-F74C-4F8F-AED2-E54FF6C7A7B0} = {B95FC8AF-5A21-4B74-AC2D-54766F1E7C38}
		{FC917684-D7AB-4B9F-BCF2-26C529AA8B17} = {E81E032E-C374-4185-948C-59B270F61E45}
		{8035B804-FF31-415A-B208-AFD53D7D2727} = {C74BE2FE-583F-46E2-94CD-7D6326AEC61C}
		{126A1ACA-1428-48E9-93D3-FFABE912883F} = {8035B804-FF31-415A-B208-AFD53D7D2727}
		{F2D116EC-80A6-4017-BFF6-85629986163D} = {8035B804-FF31-415A-B208-AFD53D7D2727}
		{3422959E-8525-4D43-B195-A6C96158896A} = {8035B804-FF31-415A-B208-AFD53D7D2727}
		{59CDE08D-0FFA-46E9-8823-13F0EAFED901} = {8035B804-FF31-415A-B208-AFD53D7D2727}
		{02E1F759-BBA5-409D-A34D-346CFF48B92D} = {8035B804-FF31-415A-B208-AFD53D7D2727}
		{055282E1-0A8E-444E-839A-EE263DD8509E} = {C74BE2FE-583F-46E2-94CD-7D6326AEC61C}
		{37F73AFD-EF1F-4E0D-8768-BDEAF3924909} = {055282E1-0A8E-444E-839A-EE263DD8509E}
		{FAE4556A-7770-46AE-BCBB-66AF1933EC04} = {21B6D3B2-4D25-478F-A8DF-61DF96AB3458}
	EndGlobalSection
	GlobalSection(ExtensibilityGlobals) = postSolution
		SolutionGuid = {75F076B3-68CF-4E15-AAD9-F8AAF8192BC6}
	EndGlobalSection
EndGlobal
