
Microsoft Visual Studio Solution File, Format Version 12.00
# Visual Studio Version 17
VisualStudioVersion = 17.10.35013.160
MinimumVisualStudioVersion = 10.0.40219.1
Project("{2150E333-8FDC-42A3-9474-1A3956D46DE8}") = "Services", "Services", "{C74BE2FE-583F-46E2-94CD-7D6326AEC61C}"
EndProject
Project("{2150E333-8FDC-42A3-9474-1A3956D46DE8}") = "Catalog", "Catalog", "{8FD12400-EC1D-4091-BF9F-32AD2009E31E}"
EndProject
Project("{9A19103F-16F7-4668-BE54-9A1E7A4F7556}") = "MultiShop.Catalog", "Services\Catalog\MultiShop.Catalog\MultiShop.Catalog.csproj", "{3247D344-D918-478D-AD79-F6AF9D186AC0}"
EndProject
Project("{2150E333-8FDC-42A3-9474-1A3956D46DE8}") = "Discount", "Discount", "{C58A7199-72B5-4DFE-A436-1CE56B07DB07}"
EndProject
Project("{9A19103F-16F7-4668-BE54-9A1E7A4F7556}") = "MultiShop.Discount", "Services\Discount\MultiShop.Discount\MultiShop.Discount.csproj", "{06AFB7BF-36C8-4E49-9547-E13B56DBF3F0}"
EndProject
Project("{2150E333-8FDC-42A3-9474-1A3956D46DE8}") = "Order", "Order", "{A0871847-627D-4F05-B5A2-43DB8D01B419}"
EndProject
Project("{2150E333-8FDC-42A3-9474-1A3956D46DE8}") = "Core", "Core", "{A71981DE-BD46-447C-BFE4-DB734EE1E5E2}"
EndProject
Project("{2150E333-8FDC-42A3-9474-1A3956D46DE8}") = "Infrastructure", "Infrastructure", "{75DF8521-6833-483D-8A8A-670E1E808A80}"
EndProject
Project("{2150E333-8FDC-42A3-9474-1A3956D46DE8}") = "Presentation", "Presentation", "{B95FC8AF-5A21-4B74-AC2D-54766F1E7C38}"
EndProject
Project("{9A19103F-16F7-4668-BE54-9A1E7A4F7556}") = "MultiShop.OrderDomain", "Services\Order\Core\MultiShop.OrderDomain\MultiShop.OrderDomain.csproj", "{BDCCC59F-6F51-4566-B259-A01E52BB7D50}"
EndProject
Project("{9A19103F-16F7-4668-BE54-9A1E7A4F7556}") = "MultiShop.OrderApplication", "Services\Order\Core\MultiShop.OrderApplication\MultiShop.OrderApplication.csproj", "{4F8679BC-78FA-42A7-A1B9-CCA605521751}"
EndProject
Project("{9A19103F-16F7-4668-BE54-9A1E7A4F7556}") = "MultiShop.OrderPersistance", "Services\Order\Infrastructure\MultiShop.OrderPersistance\MultiShop.OrderPersistance.csproj", "{8B22F701-1F38-4C2C-8646-7E05FCB53E5A}"
EndProject
Project("{9A19103F-16F7-4668-BE54-9A1E7A4F7556}") = "MultiShop.OrderWebApi", "Services\Order\Presentation\MultiShop.OrderWebApi\MultiShop.OrderWebApi.csproj", "{B109F3B7-F74C-4F8F-AED2-E54FF6C7A7B0}"
EndProject
Project("{2150E333-8FDC-42A3-9474-1A3956D46DE8}") = "IdentityServer", "IdentityServer", "{E81E032E-C374-4185-948C-59B270F61E45}"
EndProject
Project("{9A19103F-16F7-4668-BE54-9A1E7A4F7556}") = "MultiShop.IdentityServer", "IdentityServer\MultiShop.IdentityServer\MultiShop.IdentityServer.csproj", "{FC917684-D7AB-4B9F-BCF2-26C529AA8B17}"
EndProject
Project("{2150E333-8FDC-42A3-9474-1A3956D46DE8}") = "Cargo", "Cargo", "{8035B804-FF31-415A-B208-AFD53D7D2727}"
EndProject
Project("{9A19103F-16F7-4668-BE54-9A1E7A4F7556}") = "MultiShop.Cargo.BusinessLayer", "Services\Cargo\MultiShop.Cargo.BusinessLayer\MultiShop.Cargo.BusinessLayer.csproj", "{126A1ACA-1428-48E9-93D3-FFABE912883F}"
EndProject
Project("{9A19103F-16F7-4668-BE54-9A1E7A4F7556}") = "MultiShop.Cargo.EntityLayer", "Services\Cargo\MultiShop.Cargo.EntityLayer\MultiShop.Cargo.EntityLayer.csproj", "{F2D116EC-80A6-4017-BFF6-85629986163D}"
EndProject
Project("{9A19103F-16F7-4668-BE54-9A1E7A4F7556}") = "MultiShop.Cargo.DataAccessLayer", "Services\Cargo\MultiShop.Cargo.DataAccessLayer\MultiShop.Cargo.DataAccessLayer.csproj", "{3422959E-8525-4D43-B195-A6C96158896A}"
EndProject
Project("{9A19103F-16F7-4668-BE54-9A1E7A4F7556}") = "MultiShop.Cargo.DtoLayer", "Services\Cargo\MultiShop.Cargo.DtoLayer\MultiShop.Cargo.DtoLayer.csproj", "{59CDE08D-0FFA-46E9-8823-13F0EAFED901}"
EndProject
Project("{9A19103F-16F7-4668-BE54-9A1E7A4F7556}") = "MultiShop.Cargo.WebApi", "Services\Cargo\MultiShop.Cargo.WebApi\MultiShop.Cargo.WebApi.csproj", "{02E1F759-BBA5-409D-A34D-346CFF48B92D}"
EndProject
Project("{2150E333-8FDC-42A3-9474-1A3956D46DE8}") = "Basket", "Basket", "{055282E1-0A8E-444E-839A-EE263DD8509E}"
EndProject
Project("{9A19103F-16F7-4668-BE54-9A1E7A4F7556}") = "MultiShop.Basket", "Services\Basket\MultiShop.Basket\MultiShop.Basket.csproj", "{37F73AFD-EF1F-4E0D-8768-BDEAF3924909}"
EndProject
Project("{2150E333-8FDC-42A3-9474-1A3956D46DE8}") = "FrontEnds", "FrontEnds", "{21B6D3B2-4D25-478F-A8DF-61DF96AB3458}"
EndProject
Project("{9A19103F-16F7-4668-BE54-9A1E7A4F7556}") = "MultiShop.WebUi", "FrontEnds\MultiShop.WebUi\MultiShop.WebUi.csproj", "{FAE4556A-7770-46AE-BCBB-66AF1933EC04}"
EndProject
Project("{9A19103F-16F7-4668-BE54-9A1E7A4F7556}") = "MultiShop.DtoLayer", "FrontEnds\MultiShop.DtoLayer\MultiShop.DtoLayer.csproj", "{A70486C4-FD02-482B-9E05-1AC784876D1C}"
EndProject
Project("{2150E333-8FDC-42A3-9474-1A3956D46DE8}") = "Comment", "Comment", "{38D26719-1AE4-4D5F-A2D8-2E3EC8EAA3F3}"
EndProject
Project("{9A19103F-16F7-4668-BE54-9A1E7A4F7556}") = "MultiShop.Comment", "Services\Comment\MultiShop.Comment\MultiShop.Comment.csproj", "{2A772EB4-DEFC-4046-BD85-435A690B6CDC}"
EndProject
Project("{2150E333-8FDC-42A3-9474-1A3956D46DE8}") = "ApiGateway", "ApiGateway", "{3FBF004A-5B9B-4E2D-97A2-32F32471A42D}"
EndProject
Project("{2150E333-8FDC-42A3-9474-1A3956D46DE8}") = "RapidApi", "RapidApi", "{5E81C097-4113-4D58-8E32-E03138F41210}"
EndProject
Project("{9A19103F-16F7-4668-BE54-9A1E7A4F7556}") = "MultiShop.OcelotGateway", "ApiGateway\MultiShop.OcelotGateway\MultiShop.OcelotGateway.csproj", "{47FD1CB1-17C4-45E0-8789-9947E37E4FE5}"
EndProject
Project("{2150E333-8FDC-42A3-9474-1A3956D46DE8}") = "Payment", "Payment", "{F1E25FA8-B911-47B7-9DBD-8315400D4EDD}"
EndProject
Project("{9A19103F-16F7-4668-BE54-9A1E7A4F7556}") = "MultiShop.Payment", "Services\Payment\MultiShop.Payment\MultiShop.Payment.csproj", "{4F2ECC68-7FC7-414A-898E-CB0DC3B5C55E}"
EndProject
Project("{2150E333-8FDC-42A3-9474-1A3956D46DE8}") = "Images", "Images", "{8733FB5D-82AF-4D2E-BF2E-F7C4E8385CAC}"
EndProject
Project("{9A19103F-16F7-4668-BE54-9A1E7A4F7556}") = "MultiShop.Images", "Services\Images\MultiShop.Images\MultiShop.Images.csproj", "{E5AD05FA-C390-4440-8A32-5762BE41AACE}"
EndProject
Project("{2150E333-8FDC-42A3-9474-1A3956D46DE8}") = "Requirements", "Requirements", "{D78506B7-D199-4832-9CD7-96C3DA248E5C}"
	ProjectSection(SolutionItems) = preProject
		OcelotCodeExample.txt = OcelotCodeExample.txt
	EndProjectSection
EndProject
Global
	GlobalSection(SolutionConfigurationPlatforms) = preSolution
		Debug|Any CPU = Debug|Any CPU
		Release|Any CPU = Release|Any CPU
	EndGlobalSection
	GlobalSection(ProjectConfigurationPlatforms) = postSolution
		{3247D344-D918-478D-AD79-F6AF9D186AC0}.Debug|Any CPU.ActiveCfg = Debug|Any CPU
		{3247D344-D918-478D-AD79-F6AF9D186AC0}.Debug|Any CPU.Build.0 = Debug|Any CPU
		{3247D344-D918-478D-AD79-F6AF9D186AC0}.Release|Any CPU.ActiveCfg = Release|Any CPU
		{3247D344-D918-478D-AD79-F6AF9D186AC0}.Release|Any CPU.Build.0 = Release|Any CPU
		{06AFB7BF-36C8-4E49-9547-E13B56DBF3F0}.Debug|Any CPU.ActiveCfg = Debug|Any CPU
		{06AFB7BF-36C8-4E49-9547-E13B56DBF3F0}.Debug|Any CPU.Build.0 = Debug|Any CPU
		{06AFB7BF-36C8-4E49-9547-E13B56DBF3F0}.Release|Any CPU.ActiveCfg = Release|Any CPU
		{06AFB7BF-36C8-4E49-9547-E13B56DBF3F0}.Release|Any CPU.Build.0 = Release|Any CPU
		{BDCCC59F-6F51-4566-B259-A01E52BB7D50}.Debug|Any CPU.ActiveCfg = Debug|Any CPU
		{BDCCC59F-6F51-4566-B259-A01E52BB7D50}.Debug|Any CPU.Build.0 = Debug|Any CPU
		{BDCCC59F-6F51-4566-B259-A01E52BB7D50}.Release|Any CPU.ActiveCfg = Release|Any CPU
		{BDCCC59F-6F51-4566-B259-A01E52BB7D50}.Release|Any CPU.Build.0 = Release|Any CPU
		{4F8679BC-78FA-42A7-A1B9-CCA605521751}.Debug|Any CPU.ActiveCfg = Debug|Any CPU
		{4F8679BC-78FA-42A7-A1B9-CCA605521751}.Debug|Any CPU.Build.0 = Debug|Any CPU
		{4F8679BC-78FA-42A7-A1B9-CCA605521751}.Release|Any CPU.ActiveCfg = Release|Any CPU
		{4F8679BC-78FA-42A7-A1B9-CCA605521751}.Release|Any CPU.Build.0 = Release|Any CPU
		{8B22F701-1F38-4C2C-8646-7E05FCB53E5A}.Debug|Any CPU.ActiveCfg = Debug|Any CPU
		{8B22F701-1F38-4C2C-8646-7E05FCB53E5A}.Debug|Any CPU.Build.0 = Debug|Any CPU
		{8B22F701-1F38-4C2C-8646-7E05FCB53E5A}.Release|Any CPU.ActiveCfg = Release|Any CPU
		{8B22F701-1F38-4C2C-8646-7E05FCB53E5A}.Release|Any CPU.Build.0 = Release|Any CPU
		{B109F3B7-F74C-4F8F-AED2-E54FF6C7A7B0}.Debug|Any CPU.ActiveCfg = Debug|Any CPU
		{B109F3B7-F74C-4F8F-AED2-E54FF6C7A7B0}.Debug|Any CPU.Build.0 = Debug|Any CPU
		{B109F3B7-F74C-4F8F-AED2-E54FF6C7A7B0}.Release|Any CPU.ActiveCfg = Release|Any CPU
		{B109F3B7-F74C-4F8F-AED2-E54FF6C7A7B0}.Release|Any CPU.Build.0 = Release|Any CPU
		{FC917684-D7AB-4B9F-BCF2-26C529AA8B17}.Debug|Any CPU.ActiveCfg = Debug|Any CPU
		{FC917684-D7AB-4B9F-BCF2-26C529AA8B17}.Debug|Any CPU.Build.0 = Debug|Any CPU
		{FC917684-D7AB-4B9F-BCF2-26C529AA8B17}.Release|Any CPU.ActiveCfg = Release|Any CPU
		{FC917684-D7AB-4B9F-BCF2-26C529AA8B17}.Release|Any CPU.Build.0 = Release|Any CPU
		{126A1ACA-1428-48E9-93D3-FFABE912883F}.Debug|Any CPU.ActiveCfg = Debug|Any CPU
		{126A1ACA-1428-48E9-93D3-FFABE912883F}.Debug|Any CPU.Build.0 = Debug|Any CPU
		{126A1ACA-1428-48E9-93D3-FFABE912883F}.Release|Any CPU.ActiveCfg = Release|Any CPU
		{126A1ACA-1428-48E9-93D3-FFABE912883F}.Release|Any CPU.Build.0 = Release|Any CPU
		{F2D116EC-80A6-4017-BFF6-85629986163D}.Debug|Any CPU.ActiveCfg = Debug|Any CPU
		{F2D116EC-80A6-4017-BFF6-85629986163D}.Debug|Any CPU.Build.0 = Debug|Any CPU
		{F2D116EC-80A6-4017-BFF6-85629986163D}.Release|Any CPU.ActiveCfg = Release|Any CPU
		{F2D116EC-80A6-4017-BFF6-85629986163D}.Release|Any CPU.Build.0 = Release|Any CPU
		{3422959E-8525-4D43-B195-A6C96158896A}.Debug|Any CPU.ActiveCfg = Debug|Any CPU
		{3422959E-8525-4D43-B195-A6C96158896A}.Debug|Any CPU.Build.0 = Debug|Any CPU
		{3422959E-8525-4D43-B195-A6C96158896A}.Release|Any CPU.ActiveCfg = Release|Any CPU
		{3422959E-8525-4D43-B195-A6C96158896A}.Release|Any CPU.Build.0 = Release|Any CPU
		{59CDE08D-0FFA-46E9-8823-13F0EAFED901}.Debug|Any CPU.ActiveCfg = Debug|Any CPU
		{59CDE08D-0FFA-46E9-8823-13F0EAFED901}.Debug|Any CPU.Build.0 = Debug|Any CPU
		{59CDE08D-0FFA-46E9-8823-13F0EAFED901}.Release|Any CPU.ActiveCfg = Release|Any CPU
		{59CDE08D-0FFA-46E9-8823-13F0EAFED901}.Release|Any CPU.Build.0 = Release|Any CPU
		{02E1F759-BBA5-409D-A34D-346CFF48B92D}.Debug|Any CPU.ActiveCfg = Debug|Any CPU
		{02E1F759-BBA5-409D-A34D-346CFF48B92D}.Debug|Any CPU.Build.0 = Debug|Any CPU
		{02E1F759-BBA5-409D-A34D-346CFF48B92D}.Release|Any CPU.ActiveCfg = Release|Any CPU
		{02E1F759-BBA5-409D-A34D-346CFF48B92D}.Release|Any CPU.Build.0 = Release|Any CPU
		{37F73AFD-EF1F-4E0D-8768-BDEAF3924909}.Debug|Any CPU.ActiveCfg = Debug|Any CPU
		{37F73AFD-EF1F-4E0D-8768-BDEAF3924909}.Debug|Any CPU.Build.0 = Debug|Any CPU
		{37F73AFD-EF1F-4E0D-8768-BDEAF3924909}.Release|Any CPU.ActiveCfg = Release|Any CPU
		{37F73AFD-EF1F-4E0D-8768-BDEAF3924909}.Release|Any CPU.Build.0 = Release|Any CPU
		{FAE4556A-7770-46AE-BCBB-66AF1933EC04}.Debug|Any CPU.ActiveCfg = Debug|Any CPU
		{FAE4556A-7770-46AE-BCBB-66AF1933EC04}.Debug|Any CPU.Build.0 = Debug|Any CPU
		{FAE4556A-7770-46AE-BCBB-66AF1933EC04}.Release|Any CPU.ActiveCfg = Release|Any CPU
		{FAE4556A-7770-46AE-BCBB-66AF1933EC04}.Release|Any CPU.Build.0 = Release|Any CPU
		{A70486C4-FD02-482B-9E05-1AC784876D1C}.Debug|Any CPU.ActiveCfg = Debug|Any CPU
		{A70486C4-FD02-482B-9E05-1AC784876D1C}.Debug|Any CPU.Build.0 = Debug|Any CPU
		{A70486C4-FD02-482B-9E05-1AC784876D1C}.Release|Any CPU.ActiveCfg = Release|Any CPU
		{A70486C4-FD02-482B-9E05-1AC784876D1C}.Release|Any CPU.Build.0 = Release|Any CPU
		{2A772EB4-DEFC-4046-BD85-435A690B6CDC}.Debug|Any CPU.ActiveCfg = Debug|Any CPU
		{2A772EB4-DEFC-4046-BD85-435A690B6CDC}.Debug|Any CPU.Build.0 = Debug|Any CPU
		{2A772EB4-DEFC-4046-BD85-435A690B6CDC}.Release|Any CPU.ActiveCfg = Release|Any CPU
		{2A772EB4-DEFC-4046-BD85-435A690B6CDC}.Release|Any CPU.Build.0 = Release|Any CPU
		{47FD1CB1-17C4-45E0-8789-9947E37E4FE5}.Debug|Any CPU.ActiveCfg = Debug|Any CPU
		{47FD1CB1-17C4-45E0-8789-9947E37E4FE5}.Debug|Any CPU.Build.0 = Debug|Any CPU
		{47FD1CB1-17C4-45E0-8789-9947E37E4FE5}.Release|Any CPU.ActiveCfg = Release|Any CPU
		{47FD1CB1-17C4-45E0-8789-9947E37E4FE5}.Release|Any CPU.Build.0 = Release|Any CPU
		{4F2ECC68-7FC7-414A-898E-CB0DC3B5C55E}.Debug|Any CPU.ActiveCfg = Debug|Any CPU
		{4F2ECC68-7FC7-414A-898E-CB0DC3B5C55E}.Debug|Any CPU.Build.0 = Debug|Any CPU
		{4F2ECC68-7FC7-414A-898E-CB0DC3B5C55E}.Release|Any CPU.ActiveCfg = Release|Any CPU
		{4F2ECC68-7FC7-414A-898E-CB0DC3B5C55E}.Release|Any CPU.Build.0 = Release|Any CPU
		{E5AD05FA-C390-4440-8A32-5762BE41AACE}.Debug|Any CPU.ActiveCfg = Debug|Any CPU
		{E5AD05FA-C390-4440-8A32-5762BE41AACE}.Debug|Any CPU.Build.0 = Debug|Any CPU
		{E5AD05FA-C390-4440-8A32-5762BE41AACE}.Release|Any CPU.ActiveCfg = Release|Any CPU
		{E5AD05FA-C390-4440-8A32-5762BE41AACE}.Release|Any CPU.Build.0 = Release|Any CPU
	EndGlobalSection
	GlobalSection(SolutionProperties) = preSolution
		HideSolutionNode = FALSE
	EndGlobalSection
	GlobalSection(NestedProjects) = preSolution
		{8FD12400-EC1D-4091-BF9F-32AD2009E31E} = {C74BE2FE-583F-46E2-94CD-7D6326AEC61C}
		{3247D344-D918-478D-AD79-F6AF9D186AC0} = {8FD12400-EC1D-4091-BF9F-32AD2009E31E}
		{C58A7199-72B5-4DFE-A436-1CE56B07DB07} = {C74BE2FE-583F-46E2-94CD-7D6326AEC61C}
		{06AFB7BF-36C8-4E49-9547-E13B56DBF3F0} = {C58A7199-72B5-4DFE-A436-1CE56B07DB07}
		{A0871847-627D-4F05-B5A2-43DB8D01B419} = {C74BE2FE-583F-46E2-94CD-7D6326AEC61C}
		{A71981DE-BD46-447C-BFE4-DB734EE1E5E2} = {A0871847-627D-4F05-B5A2-43DB8D01B419}
		{75DF8521-6833-483D-8A8A-670E1E808A80} = {A0871847-627D-4F05-B5A2-43DB8D01B419}
		{B95FC8AF-5A21-4B74-AC2D-54766F1E7C38} = {A0871847-627D-4F05-B5A2-43DB8D01B419}
		{BDCCC59F-6F51-4566-B259-A01E52BB7D50} = {A71981DE-BD46-447C-BFE4-DB734EE1E5E2}
		{4F8679BC-78FA-42A7-A1B9-CCA605521751} = {A71981DE-BD46-447C-BFE4-DB734EE1E5E2}
		{8B22F701-1F38-4C2C-8646-7E05FCB53E5A} = {75DF8521-6833-483D-8A8A-670E1E808A80}
		{B109F3B7-F74C-4F8F-AED2-E54FF6C7A7B0} = {B95FC8AF-5A21-4B74-AC2D-54766F1E7C38}
		{FC917684-D7AB-4B9F-BCF2-26C529AA8B17} = {E81E032E-C374-4185-948C-59B270F61E45}
		{8035B804-FF31-415A-B208-AFD53D7D2727} = {C74BE2FE-583F-46E2-94CD-7D6326AEC61C}
		{126A1ACA-1428-48E9-93D3-FFABE912883F} = {8035B804-FF31-415A-B208-AFD53D7D2727}
		{F2D116EC-80A6-4017-BFF6-85629986163D} = {8035B804-FF31-415A-B208-AFD53D7D2727}
		{3422959E-8525-4D43-B195-A6C96158896A} = {8035B804-FF31-415A-B208-AFD53D7D2727}
		{59CDE08D-0FFA-46E9-8823-13F0EAFED901} = {8035B804-FF31-415A-B208-AFD53D7D2727}
		{02E1F759-BBA5-409D-A34D-346CFF48B92D} = {8035B804-FF31-415A-B208-AFD53D7D2727}
		{055282E1-0A8E-444E-839A-EE263DD8509E} = {C74BE2FE-583F-46E2-94CD-7D6326AEC61C}
		{37F73AFD-EF1F-4E0D-8768-BDEAF3924909} = {055282E1-0A8E-444E-839A-EE263DD8509E}
		{FAE4556A-7770-46AE-BCBB-66AF1933EC04} = {21B6D3B2-4D25-478F-A8DF-61DF96AB3458}
		{A70486C4-FD02-482B-9E05-1AC784876D1C} = {21B6D3B2-4D25-478F-A8DF-61DF96AB3458}
		{38D26719-1AE4-4D5F-A2D8-2E3EC8EAA3F3} = {C74BE2FE-583F-46E2-94CD-7D6326AEC61C}
		{2A772EB4-DEFC-4046-BD85-435A690B6CDC} = {38D26719-1AE4-4D5F-A2D8-2E3EC8EAA3F3}
		{5E81C097-4113-4D58-8E32-E03138F41210} = {8FD12400-EC1D-4091-BF9F-32AD2009E31E}
		{47FD1CB1-17C4-45E0-8789-9947E37E4FE5} = {3FBF004A-5B9B-4E2D-97A2-32F32471A42D}
		{F1E25FA8-B911-47B7-9DBD-8315400D4EDD} = {C74BE2FE-583F-46E2-94CD-7D6326AEC61C}
		{4F2ECC68-7FC7-414A-898E-CB0DC3B5C55E} = {F1E25FA8-B911-47B7-9DBD-8315400D4EDD}
		{8733FB5D-82AF-4D2E-BF2E-F7C4E8385CAC} = {C74BE2FE-583F-46E2-94CD-7D6326AEC61C}
		{E5AD05FA-C390-4440-8A32-5762BE41AACE} = {8733FB5D-82AF-4D2E-BF2E-F7C4E8385CAC}
	EndGlobalSection
	GlobalSection(ExtensibilityGlobals) = postSolution
		SolutionGuid = {75F076B3-68CF-4E15-AAD9-F8AAF8192BC6}
	EndGlobalSection
EndGlobal
